
Microsoft Visual Studio Solution File, Format Version 12.00
# Visual Studio Version 16
VisualStudioVersion = 16.0.32106.194
MinimumVisualStudioVersion = 10.0.40219.1
Project("{FAE04EC0-301F-11D3-BF4B-00C04F79EFBC}") = "StokTakipProgramiFinal", "StokTakipProgramiFinal\StokTakipProgramiFinal.csproj", "{5A26F7CD-0D38-4240-8732-A8D3032BF465}"
EndProject
Global
	GlobalSection(SolutionConfigurationPlatforms) = preSolution
		Debug|Any CPU = Debug|Any CPU
		Release|Any CPU = Release|Any CPU
	EndGlobalSection
	GlobalSection(ProjectConfigurationPlatforms) = postSolution
		{5A26F7CD-0D38-4240-8732-A8D3032BF465}.Debug|Any CPU.ActiveCfg = Debug|Any CPU
		{5A26F7CD-0D38-4240-8732-A8D3032BF465}.Debug|Any CPU.Build.0 = Debug|Any CPU
		{5A26F7CD-0D38-4240-8732-A8D3032BF465}.Release|Any CPU.ActiveCfg = Release|Any CPU
		{5A26F7CD-0D38-4240-8732-A8D3032BF465}.Release|Any CPU.Build.0 = Release|Any CPU
	EndGlobalSection
	GlobalSection(SolutionProperties) = preSolution
		HideSolutionNode = FALSE
	EndGlobalSection
	GlobalSection(ExtensibilityGlobals) = postSolution
		SolutionGuid = {F7A49913-196B-4D1A-B636-56CDAC9BB615}
	EndGlobalSection
EndGlobal
